
Microsoft Visual Studio Solution File, Format Version 12.00
# Visual Studio Version 17
VisualStudioVersion = 17.11.35327.3
MinimumVisualStudioVersion = 10.0.40219.1
Project("{FAE04EC0-301F-11D3-BF4B-00C04F79EFBC}") = "CiorteaTrif_Bianca_Elena_Lab2", "CiorteaTrif_Bianca_Elena_Lab2.csproj", "{BE948969-1F91-4F1B-9587-CC79EAE57E33}"
EndProject
Global
	GlobalSection(SolutionConfigurationPlatforms) = preSolution
		Debug|Any CPU = Debug|Any CPU
		Release|Any CPU = Release|Any CPU
	EndGlobalSection
	GlobalSection(ProjectConfigurationPlatforms) = postSolution
		{BE948969-1F91-4F1B-9587-CC79EAE57E33}.Debug|Any CPU.ActiveCfg = Debug|Any CPU
		{BE948969-1F91-4F1B-9587-CC79EAE57E33}.Debug|Any CPU.Build.0 = Debug|Any CPU
		{BE948969-1F91-4F1B-9587-CC79EAE57E33}.Release|Any CPU.ActiveCfg = Release|Any CPU
		{BE948969-1F91-4F1B-9587-CC79EAE57E33}.Release|Any CPU.Build.0 = Release|Any CPU
	EndGlobalSection
	GlobalSection(SolutionProperties) = preSolution
		HideSolutionNode = FALSE
	EndGlobalSection
	GlobalSection(ExtensibilityGlobals) = postSolution
		SolutionGuid = {A985D052-CE50-4EDE-955F-2BA2DFE68AA0}
	EndGlobalSection
EndGlobal
